
Microsoft Visual Studio Solution File, Format Version 12.00
# Visual Studio Version 17
VisualStudioVersion = 17.8.34330.188
MinimumVisualStudioVersion = 10.0.40219.1
Project("{FAE04EC0-301F-11D3-BF4B-00C04F79EFBC}") = "ahmad_project_Game", "ahmad_project_Game\ahmad_project_Game.csproj", "{119999AF-2266-47BD-887A-0E869FEF856B}"
EndProject
Global
	GlobalSection(SolutionConfigurationPlatforms) = preSolution
		Debug|Any CPU = Debug|Any CPU
		Release|Any CPU = Release|Any CPU
	EndGlobalSection
	GlobalSection(ProjectConfigurationPlatforms) = postSolution
		{119999AF-2266-47BD-887A-0E869FEF856B}.Debug|Any CPU.ActiveCfg = Debug|Any CPU
		{119999AF-2266-47BD-887A-0E869FEF856B}.Debug|Any CPU.Build.0 = Debug|Any CPU
		{119999AF-2266-47BD-887A-0E869FEF856B}.Release|Any CPU.ActiveCfg = Release|Any CPU
		{119999AF-2266-47BD-887A-0E869FEF856B}.Release|Any CPU.Build.0 = Release|Any CPU
	EndGlobalSection
	GlobalSection(SolutionProperties) = preSolution
		HideSolutionNode = FALSE
	EndGlobalSection
	GlobalSection(ExtensibilityGlobals) = postSolution
		SolutionGuid = {EF9ADF26-C5AE-4710-AE5D-150770D2F637}
	EndGlobalSection
EndGlobal
