
Microsoft Visual Studio Solution File, Format Version 12.00
# Visual Studio Version 17
VisualStudioVersion = 17.8.34330.188
MinimumVisualStudioVersion = 10.0.40219.1
Project("{FAE04EC0-301F-11D3-BF4B-00C04F79EFBC}") = "WinFormsApp2", "WinFormsApp2\WinFormsApp2.csproj", "{45352AE9-ADC6-4604-8B6F-FD93F74C10F7}"
EndProject
Global
	GlobalSection(SolutionConfigurationPlatforms) = preSolution
		Debug|Any CPU = Debug|Any CPU
		Release|Any CPU = Release|Any CPU
	EndGlobalSection
	GlobalSection(ProjectConfigurationPlatforms) = postSolution
		{45352AE9-ADC6-4604-8B6F-FD93F74C10F7}.Debug|Any CPU.ActiveCfg = Debug|Any CPU
		{45352AE9-ADC6-4604-8B6F-FD93F74C10F7}.Debug|Any CPU.Build.0 = Debug|Any CPU
		{45352AE9-ADC6-4604-8B6F-FD93F74C10F7}.Release|Any CPU.ActiveCfg = Release|Any CPU
		{45352AE9-ADC6-4604-8B6F-FD93F74C10F7}.Release|Any CPU.Build.0 = Release|Any CPU
	EndGlobalSection
	GlobalSection(SolutionProperties) = preSolution
		HideSolutionNode = FALSE
	EndGlobalSection
	GlobalSection(ExtensibilityGlobals) = postSolution
		SolutionGuid = {806EB439-AC2D-43AA-8218-4CD58BA956AD}
	EndGlobalSection
EndGlobal
